
Microsoft Visual Studio Solution File, Format Version 12.00
# Visual Studio Version 17
VisualStudioVersion = 17.4.33103.184
MinimumVisualStudioVersion = 10.0.40219.1
Project("{9A19103F-16F7-4668-BE54-9A1E7A4F7556}") = "ConsoleApp1", "ConsoleApp1\ConsoleApp1.csproj", "{7171A003-BF56-4BC3-BCC9-58D52C457363}"
EndProject
Project("{FAE04EC0-301F-11D3-BF4B-00C04F79EFBC}") = "Client", "Client\Client.csproj", "{4F8DE8B8-16FA-435F-B8A8-4279E56CE74F}"
EndProject
Project("{FAE04EC0-301F-11D3-BF4B-00C04F79EFBC}") = "ClientServerLinkingPart", "ClientServerLinkingPart\ClientServerLinkingPart.csproj", "{05A31CDD-8EA5-45B8-8C5D-AEFFA89107FA}"
EndProject
Global
	GlobalSection(SolutionConfigurationPlatforms) = preSolution
		Debug|Any CPU = Debug|Any CPU
		Release|Any CPU = Release|Any CPU
	EndGlobalSection
	GlobalSection(ProjectConfigurationPlatforms) = postSolution
		{7171A003-BF56-4BC3-BCC9-58D52C457363}.Debug|Any CPU.ActiveCfg = Debug|Any CPU
		{7171A003-BF56-4BC3-BCC9-58D52C457363}.Debug|Any CPU.Build.0 = Debug|Any CPU
		{7171A003-BF56-4BC3-BCC9-58D52C457363}.Release|Any CPU.ActiveCfg = Release|Any CPU
		{7171A003-BF56-4BC3-BCC9-58D52C457363}.Release|Any CPU.Build.0 = Release|Any CPU
		{4F8DE8B8-16FA-435F-B8A8-4279E56CE74F}.Debug|Any CPU.ActiveCfg = Debug|Any CPU
		{4F8DE8B8-16FA-435F-B8A8-4279E56CE74F}.Debug|Any CPU.Build.0 = Debug|Any CPU
		{4F8DE8B8-16FA-435F-B8A8-4279E56CE74F}.Release|Any CPU.ActiveCfg = Release|Any CPU
		{4F8DE8B8-16FA-435F-B8A8-4279E56CE74F}.Release|Any CPU.Build.0 = Release|Any CPU
		{05A31CDD-8EA5-45B8-8C5D-AEFFA89107FA}.Debug|Any CPU.ActiveCfg = Debug|Any CPU
		{05A31CDD-8EA5-45B8-8C5D-AEFFA89107FA}.Debug|Any CPU.Build.0 = Debug|Any CPU
		{05A31CDD-8EA5-45B8-8C5D-AEFFA89107FA}.Release|Any CPU.ActiveCfg = Release|Any CPU
		{05A31CDD-8EA5-45B8-8C5D-AEFFA89107FA}.Release|Any CPU.Build.0 = Release|Any CPU
	EndGlobalSection
	GlobalSection(SolutionProperties) = preSolution
		HideSolutionNode = FALSE
	EndGlobalSection
	GlobalSection(ExtensibilityGlobals) = postSolution
		SolutionGuid = {576A5E31-6726-426E-BB15-47E11B3290FE}
	EndGlobalSection
EndGlobal
